
Microsoft Visual Studio Solution File, Format Version 12.00
# Visual Studio Version 17
VisualStudioVersion = 17.12.35707.178
MinimumVisualStudioVersion = 10.0.40219.1
Project("{2150E333-8FDC-42A3-9474-1A3956D46DE8}") = "Services", "Services", "{B21B189A-BEDF-4DC2-8170-3A734F4BC130}"
EndProject
Project("{2150E333-8FDC-42A3-9474-1A3956D46DE8}") = "Catalog", "Catalog", "{933FD082-3074-49E8-91C9-49E78BB287C6}"
EndProject
Project("{FAE04EC0-301F-11D3-BF4B-00C04F79EFBC}") = "MultiShop.Catalog", "Services\Catalog\MultiShop.Catalog\MultiShop.Catalog.csproj", "{E5FA4140-29EC-4353-9CD4-3CD9B876D1CD}"
EndProject
Project("{2150E333-8FDC-42A3-9474-1A3956D46DE8}") = "Discount", "Discount", "{1293AB1E-5782-4083-B894-20684DD34AFE}"
EndProject
Project("{FAE04EC0-301F-11D3-BF4B-00C04F79EFBC}") = "MultiShop.Discount", "Services\Discount\MultiShop.Discount\MultiShop.Discount.csproj", "{A476B9F7-4248-4336-89B5-A0B64E69540B}"
EndProject
Project("{2150E333-8FDC-42A3-9474-1A3956D46DE8}") = "Order", "Order", "{968A26DA-37E5-4F5A-BAAA-62C4CA2FF61E}"
EndProject
Project("{2150E333-8FDC-42A3-9474-1A3956D46DE8}") = "Core", "Core", "{BA0E3545-38C2-4D1A-9BF9-3118EEFC14BF}"
EndProject
Project("{FAE04EC0-301F-11D3-BF4B-00C04F79EFBC}") = "MultiShop.Order.Domain", "Services\Order\Core\MultiShop.Order.Domain\MultiShop.Order.Domain.csproj", "{F0E0A93D-9A1B-4ED9-AAD8-C27A70669EAB}"
EndProject
Project("{FAE04EC0-301F-11D3-BF4B-00C04F79EFBC}") = "MultiShop.Order.Application", "Services\Order\Core\MultiShop.Order.Application\MultiShop.Order.Application.csproj", "{D6AAFA3D-37B6-4857-AB22-48571ECF5258}"
EndProject
Project("{2150E333-8FDC-42A3-9474-1A3956D46DE8}") = "IdentityServer", "IdentityServer", "{9B490CE8-8E44-477D-A075-59ECA7E57708}"
EndProject
Project("{FAE04EC0-301F-11D3-BF4B-00C04F79EFBC}") = "MultiShop.IdentityServer", "IdentityServer\MultiShop.IdentityServer\MultiShop.IdentityServer.csproj", "{30D9DE2D-DCE3-4E58-A452-8372AB6BE27F}"
EndProject
Project("{2150E333-8FDC-42A3-9474-1A3956D46DE8}") = "Requirements", "Requirements", "{F3E53FC1-4370-4956-AE84-9C4492748730}"
	ProjectSection(SolutionItems) = preProject
		IdentityServerVersionSolution.txt = IdentityServerVersionSolution.txt
		PortainerCmd.txt = PortainerCmd.txt
		PortNumbers.txt = PortNumbers.txt
	EndProjectSection
EndProject
Project("{2150E333-8FDC-42A3-9474-1A3956D46DE8}") = "Cargo", "Cargo", "{87A136C2-CE50-4D71-9845-D530A5E146CD}"
EndProject
Project("{FAE04EC0-301F-11D3-BF4B-00C04F79EFBC}") = "Multishop.Cargo.EntityLayer", "Services\Cargo\Multishop.Cargo.EntityLayer\Multishop.Cargo.EntityLayer.csproj", "{08EA71E7-641C-4DB6-84B6-7F17F5450AD6}"
EndProject
Project("{FAE04EC0-301F-11D3-BF4B-00C04F79EFBC}") = "MultiShop.Cargo.BusinessLayer", "Services\Cargo\MultiShop.Cargo.BusinessLayer\MultiShop.Cargo.BusinessLayer.csproj", "{1F659F64-14D5-4315-A105-AF0B95B712C9}"
EndProject
Project("{FAE04EC0-301F-11D3-BF4B-00C04F79EFBC}") = "MultiShop.Cargo.DtoLayer", "Services\Cargo\MultiShop.Cargo.DtoLayer\MultiShop.Cargo.DtoLayer.csproj", "{3FC3F28F-3B91-4DBD-8B0A-735728F85834}"
EndProject
Project("{FAE04EC0-301F-11D3-BF4B-00C04F79EFBC}") = "MultiShop.Cargo.WebApi", "Services\Cargo\MultiShop.Cargo.WebApi\MultiShop.Cargo.WebApi.csproj", "{FB969804-6F2D-40E0-A521-B8E8013BA2DA}"
EndProject
Project("{2150E333-8FDC-42A3-9474-1A3956D46DE8}") = "Infrastructures", "Infrastructures", "{1D649765-F169-4561-95EF-C9D36A25D18F}"
EndProject
Project("{2150E333-8FDC-42A3-9474-1A3956D46DE8}") = "Presentation", "Presentation", "{4C88C3F0-D386-4B6B-AF06-8A5BDCA8EEAA}"
EndProject
Project("{FAE04EC0-301F-11D3-BF4B-00C04F79EFBC}") = "MultiShop.Order.Persistance", "Services\Order\Infrastructures\MultiShop.Order.Persistance\MultiShop.Order.Persistance.csproj", "{69D3F048-419B-4B7B-9E40-314B1FC71E45}"
EndProject
Project("{FAE04EC0-301F-11D3-BF4B-00C04F79EFBC}") = "MultiShop.Order.WebApi", "Services\Order\Presentation\MultiShop.Order.WebApi\MultiShop.Order.WebApi.csproj", "{97623DBA-E5FF-444F-907F-BC9B8D2158A6}"
EndProject
Project("{FAE04EC0-301F-11D3-BF4B-00C04F79EFBC}") = "MultiShop.Cargo.DataAccessLayer", "Services\Cargo\MultiShop.Cargo.DataAccessLayer\MultiShop.Cargo.DataAccessLayer.csproj", "{DB566C38-11A4-422F-8E31-4A95967B18BA}"
EndProject
Project("{2150E333-8FDC-42A3-9474-1A3956D46DE8}") = "Basket", "Basket", "{A3793F96-702C-45B3-9561-15382BC0F3EF}"
EndProject
Project("{FAE04EC0-301F-11D3-BF4B-00C04F79EFBC}") = "MultiShop.Basket", "Services\Basket\MultiShop.Basket\MultiShop.Basket.csproj", "{CD4666E2-9B50-4C57-A41B-3861593C04DD}"
EndProject
Project("{2150E333-8FDC-42A3-9474-1A3956D46DE8}") = "Frontends", "Frontends", "{257798F5-BDE5-4BB3-9CC5-FAB1C1A86130}"
EndProject
Project("{FAE04EC0-301F-11D3-BF4B-00C04F79EFBC}") = "MultiShop.WebUI", "Frontends\MultiShop.WebUI\MultiShop.WebUI.csproj", "{6BA55DB8-3DFE-4E80-BB70-822EF18CB69C}"
EndProject
Global
	GlobalSection(SolutionConfigurationPlatforms) = preSolution
		Debug|Any CPU = Debug|Any CPU
		Release|Any CPU = Release|Any CPU
	EndGlobalSection
	GlobalSection(ProjectConfigurationPlatforms) = postSolution
		{E5FA4140-29EC-4353-9CD4-3CD9B876D1CD}.Debug|Any CPU.ActiveCfg = Debug|Any CPU
		{E5FA4140-29EC-4353-9CD4-3CD9B876D1CD}.Debug|Any CPU.Build.0 = Debug|Any CPU
		{E5FA4140-29EC-4353-9CD4-3CD9B876D1CD}.Release|Any CPU.ActiveCfg = Release|Any CPU
		{E5FA4140-29EC-4353-9CD4-3CD9B876D1CD}.Release|Any CPU.Build.0 = Release|Any CPU
		{A476B9F7-4248-4336-89B5-A0B64E69540B}.Debug|Any CPU.ActiveCfg = Debug|Any CPU
		{A476B9F7-4248-4336-89B5-A0B64E69540B}.Debug|Any CPU.Build.0 = Debug|Any CPU
		{A476B9F7-4248-4336-89B5-A0B64E69540B}.Release|Any CPU.ActiveCfg = Release|Any CPU
		{A476B9F7-4248-4336-89B5-A0B64E69540B}.Release|Any CPU.Build.0 = Release|Any CPU
		{F0E0A93D-9A1B-4ED9-AAD8-C27A70669EAB}.Debug|Any CPU.ActiveCfg = Debug|Any CPU
		{F0E0A93D-9A1B-4ED9-AAD8-C27A70669EAB}.Debug|Any CPU.Build.0 = Debug|Any CPU
		{F0E0A93D-9A1B-4ED9-AAD8-C27A70669EAB}.Release|Any CPU.ActiveCfg = Release|Any CPU
		{F0E0A93D-9A1B-4ED9-AAD8-C27A70669EAB}.Release|Any CPU.Build.0 = Release|Any CPU
		{D6AAFA3D-37B6-4857-AB22-48571ECF5258}.Debug|Any CPU.ActiveCfg = Debug|Any CPU
		{D6AAFA3D-37B6-4857-AB22-48571ECF5258}.Debug|Any CPU.Build.0 = Debug|Any CPU
		{D6AAFA3D-37B6-4857-AB22-48571ECF5258}.Release|Any CPU.ActiveCfg = Release|Any CPU
		{D6AAFA3D-37B6-4857-AB22-48571ECF5258}.Release|Any CPU.Build.0 = Release|Any CPU
		{30D9DE2D-DCE3-4E58-A452-8372AB6BE27F}.Debug|Any CPU.ActiveCfg = Debug|Any CPU
		{30D9DE2D-DCE3-4E58-A452-8372AB6BE27F}.Debug|Any CPU.Build.0 = Debug|Any CPU
		{30D9DE2D-DCE3-4E58-A452-8372AB6BE27F}.Release|Any CPU.ActiveCfg = Release|Any CPU
		{30D9DE2D-DCE3-4E58-A452-8372AB6BE27F}.Release|Any CPU.Build.0 = Release|Any CPU
		{08EA71E7-641C-4DB6-84B6-7F17F5450AD6}.Debug|Any CPU.ActiveCfg = Debug|Any CPU
		{08EA71E7-641C-4DB6-84B6-7F17F5450AD6}.Debug|Any CPU.Build.0 = Debug|Any CPU
		{08EA71E7-641C-4DB6-84B6-7F17F5450AD6}.Release|Any CPU.ActiveCfg = Release|Any CPU
		{08EA71E7-641C-4DB6-84B6-7F17F5450AD6}.Release|Any CPU.Build.0 = Release|Any CPU
		{1F659F64-14D5-4315-A105-AF0B95B712C9}.Debug|Any CPU.ActiveCfg = Debug|Any CPU
		{1F659F64-14D5-4315-A105-AF0B95B712C9}.Debug|Any CPU.Build.0 = Debug|Any CPU
		{1F659F64-14D5-4315-A105-AF0B95B712C9}.Release|Any CPU.ActiveCfg = Release|Any CPU
		{1F659F64-14D5-4315-A105-AF0B95B712C9}.Release|Any CPU.Build.0 = Release|Any CPU
		{3FC3F28F-3B91-4DBD-8B0A-735728F85834}.Debug|Any CPU.ActiveCfg = Debug|Any CPU
		{3FC3F28F-3B91-4DBD-8B0A-735728F85834}.Debug|Any CPU.Build.0 = Debug|Any CPU
		{3FC3F28F-3B91-4DBD-8B0A-735728F85834}.Release|Any CPU.ActiveCfg = Release|Any CPU
		{3FC3F28F-3B91-4DBD-8B0A-735728F85834}.Release|Any CPU.Build.0 = Release|Any CPU
		{FB969804-6F2D-40E0-A521-B8E8013BA2DA}.Debug|Any CPU.ActiveCfg = Debug|Any CPU
		{FB969804-6F2D-40E0-A521-B8E8013BA2DA}.Debug|Any CPU.Build.0 = Debug|Any CPU
		{FB969804-6F2D-40E0-A521-B8E8013BA2DA}.Release|Any CPU.ActiveCfg = Release|Any CPU
		{FB969804-6F2D-40E0-A521-B8E8013BA2DA}.Release|Any CPU.Build.0 = Release|Any CPU
		{69D3F048-419B-4B7B-9E40-314B1FC71E45}.Debug|Any CPU.ActiveCfg = Debug|Any CPU
		{69D3F048-419B-4B7B-9E40-314B1FC71E45}.Debug|Any CPU.Build.0 = Debug|Any CPU
		{69D3F048-419B-4B7B-9E40-314B1FC71E45}.Release|Any CPU.ActiveCfg = Release|Any CPU
		{69D3F048-419B-4B7B-9E40-314B1FC71E45}.Release|Any CPU.Build.0 = Release|Any CPU
		{97623DBA-E5FF-444F-907F-BC9B8D2158A6}.Debug|Any CPU.ActiveCfg = Debug|Any CPU
		{97623DBA-E5FF-444F-907F-BC9B8D2158A6}.Debug|Any CPU.Build.0 = Debug|Any CPU
		{97623DBA-E5FF-444F-907F-BC9B8D2158A6}.Release|Any CPU.ActiveCfg = Release|Any CPU
		{97623DBA-E5FF-444F-907F-BC9B8D2158A6}.Release|Any CPU.Build.0 = Release|Any CPU
		{DB566C38-11A4-422F-8E31-4A95967B18BA}.Debug|Any CPU.ActiveCfg = Debug|Any CPU
		{DB566C38-11A4-422F-8E31-4A95967B18BA}.Debug|Any CPU.Build.0 = Debug|Any CPU
		{DB566C38-11A4-422F-8E31-4A95967B18BA}.Release|Any CPU.ActiveCfg = Release|Any CPU
		{DB566C38-11A4-422F-8E31-4A95967B18BA}.Release|Any CPU.Build.0 = Release|Any CPU
		{CD4666E2-9B50-4C57-A41B-3861593C04DD}.Debug|Any CPU.ActiveCfg = Debug|Any CPU
		{CD4666E2-9B50-4C57-A41B-3861593C04DD}.Debug|Any CPU.Build.0 = Debug|Any CPU
		{CD4666E2-9B50-4C57-A41B-3861593C04DD}.Release|Any CPU.ActiveCfg = Release|Any CPU
		{CD4666E2-9B50-4C57-A41B-3861593C04DD}.Release|Any CPU.Build.0 = Release|Any CPU
		{6BA55DB8-3DFE-4E80-BB70-822EF18CB69C}.Debug|Any CPU.ActiveCfg = Debug|Any CPU
		{6BA55DB8-3DFE-4E80-BB70-822EF18CB69C}.Debug|Any CPU.Build.0 = Debug|Any CPU
		{6BA55DB8-3DFE-4E80-BB70-822EF18CB69C}.Release|Any CPU.ActiveCfg = Release|Any CPU
		{6BA55DB8-3DFE-4E80-BB70-822EF18CB69C}.Release|Any CPU.Build.0 = Release|Any CPU
	EndGlobalSection
	GlobalSection(SolutionProperties) = preSolution
		HideSolutionNode = FALSE
	EndGlobalSection
	GlobalSection(NestedProjects) = preSolution
		{933FD082-3074-49E8-91C9-49E78BB287C6} = {B21B189A-BEDF-4DC2-8170-3A734F4BC130}
		{E5FA4140-29EC-4353-9CD4-3CD9B876D1CD} = {933FD082-3074-49E8-91C9-49E78BB287C6}
		{1293AB1E-5782-4083-B894-20684DD34AFE} = {B21B189A-BEDF-4DC2-8170-3A734F4BC130}
		{A476B9F7-4248-4336-89B5-A0B64E69540B} = {1293AB1E-5782-4083-B894-20684DD34AFE}
		{968A26DA-37E5-4F5A-BAAA-62C4CA2FF61E} = {B21B189A-BEDF-4DC2-8170-3A734F4BC130}
		{BA0E3545-38C2-4D1A-9BF9-3118EEFC14BF} = {968A26DA-37E5-4F5A-BAAA-62C4CA2FF61E}
		{F0E0A93D-9A1B-4ED9-AAD8-C27A70669EAB} = {BA0E3545-38C2-4D1A-9BF9-3118EEFC14BF}
		{D6AAFA3D-37B6-4857-AB22-48571ECF5258} = {BA0E3545-38C2-4D1A-9BF9-3118EEFC14BF}
		{30D9DE2D-DCE3-4E58-A452-8372AB6BE27F} = {9B490CE8-8E44-477D-A075-59ECA7E57708}
		{87A136C2-CE50-4D71-9845-D530A5E146CD} = {B21B189A-BEDF-4DC2-8170-3A734F4BC130}
		{08EA71E7-641C-4DB6-84B6-7F17F5450AD6} = {87A136C2-CE50-4D71-9845-D530A5E146CD}
		{1F659F64-14D5-4315-A105-AF0B95B712C9} = {87A136C2-CE50-4D71-9845-D530A5E146CD}
		{3FC3F28F-3B91-4DBD-8B0A-735728F85834} = {87A136C2-CE50-4D71-9845-D530A5E146CD}
		{FB969804-6F2D-40E0-A521-B8E8013BA2DA} = {87A136C2-CE50-4D71-9845-D530A5E146CD}
		{1D649765-F169-4561-95EF-C9D36A25D18F} = {968A26DA-37E5-4F5A-BAAA-62C4CA2FF61E}
		{4C88C3F0-D386-4B6B-AF06-8A5BDCA8EEAA} = {968A26DA-37E5-4F5A-BAAA-62C4CA2FF61E}
		{69D3F048-419B-4B7B-9E40-314B1FC71E45} = {1D649765-F169-4561-95EF-C9D36A25D18F}
		{97623DBA-E5FF-444F-907F-BC9B8D2158A6} = {4C88C3F0-D386-4B6B-AF06-8A5BDCA8EEAA}
		{DB566C38-11A4-422F-8E31-4A95967B18BA} = {87A136C2-CE50-4D71-9845-D530A5E146CD}
		{A3793F96-702C-45B3-9561-15382BC0F3EF} = {B21B189A-BEDF-4DC2-8170-3A734F4BC130}
		{CD4666E2-9B50-4C57-A41B-3861593C04DD} = {A3793F96-702C-45B3-9561-15382BC0F3EF}
		{6BA55DB8-3DFE-4E80-BB70-822EF18CB69C} = {257798F5-BDE5-4BB3-9CC5-FAB1C1A86130}
	EndGlobalSection
EndGlobal
